// !$*UTF8*$!
{
	archiveVersion = 1;
	classes = {
	};
	objectVersion = 55;
	objects = {

/* Begin PBXBuildFile section */
		125F6711283A905E0045787A /* Model.swift in Sources */ = {isa = PBXBuildFile; fileRef = 125F6710283A905D0045787A /* Model.swift */; };
		126C919628321B140020E120 /* AppDelegate.swift in Sources */ = {isa = PBXBuildFile; fileRef = 126C919528321B140020E120 /* AppDelegate.swift */; };
		126C919828321B140020E120 /* SceneDelegate.swift in Sources */ = {isa = PBXBuildFile; fileRef = 126C919728321B140020E120 /* SceneDelegate.swift */; };
		126C919A28321B140020E120 /* ViewController.swift in Sources */ = {isa = PBXBuildFile; fileRef = 126C919928321B140020E120 /* ViewController.swift */; };
		126C919D28321B140020E120 /* Main.storyboard in Resources */ = {isa = PBXBuildFile; fileRef = 126C919B28321B140020E120 /* Main.storyboard */; };
		126C91A028321B140020E120 /* Setting_Abramov_Pavel_iOs_5_HW13.xcdatamodeld in Sources */ = {isa = PBXBuildFile; fileRef = 126C919E28321B140020E120 /* Setting_Abramov_Pavel_iOs_5_HW13.xcdatamodeld */; };
		126C91A228321B290020E120 /* Assets.xcassets in Resources */ = {isa = PBXBuildFile; fileRef = 126C91A128321B290020E120 /* Assets.xcassets */; };
		126C91A528321B290020E120 /* LaunchScreen.storyboard in Resources */ = {isa = PBXBuildFile; fileRef = 126C91A328321B290020E120 /* LaunchScreen.storyboard */; };
		126C91AF2832B8290020E120 /* SettingTableViewCell.swift in Sources */ = {isa = PBXBuildFile; fileRef = 126C91AE2832B8280020E120 /* SettingTableViewCell.swift */; };
		12A2FA402834E93000DA0067 /* SwitchTableViewCell.swift in Sources */ = {isa = PBXBuildFile; fileRef = 12A2FA3F2834E93000DA0067 /* SwitchTableViewCell.swift */; };
/* End PBXBuildFile section */

/* Begin PBXFileReference section */
		125F6710283A905D0045787A /* Model.swift */ = {isa = PBXFileReference; lastKnownFileType = sourcecode.swift; path = Model.swift; sourceTree = "<group>"; };
		126C919228321B140020E120 /* Setting-Abramov-Pavel-iOs-5-HW13.app */ = {isa = PBXFileReference; explicitFileType = wrapper.application; includeInIndex = 0; path = "Setting-Abramov-Pavel-iOs-5-HW13.app"; sourceTree = BUILT_PRODUCTS_DIR; };
		126C919528321B140020E120 /* AppDelegate.swift */ = {isa = PBXFileReference; lastKnownFileType = sourcecode.swift; path = AppDelegate.swift; sourceTree = "<group>"; };
		126C919728321B140020E120 /* SceneDelegate.swift */ = {isa = PBXFileReference; lastKnownFileType = sourcecode.swift; path = SceneDelegate.swift; sourceTree = "<group>"; };
		126C919928321B140020E120 /* ViewController.swift */ = {isa = PBXFileReference; lastKnownFileType = sourcecode.swift; path = ViewController.swift; sourceTree = "<group>"; };
		126C919C28321B140020E120 /* Base */ = {isa = PBXFileReference; lastKnownFileType = file.storyboard; name = Base; path = Base.lproj/Main.storyboard; sourceTree = "<group>"; };
		126C919F28321B140020E120 /* Setting_Abramov_Pavel_iOs_5_HW13.xcdatamodel */ = {isa = PBXFileReference; lastKnownFileType = wrapper.xcdatamodel; path = Setting_Abramov_Pavel_iOs_5_HW13.xcdatamodel; sourceTree = "<group>"; };
		126C91A128321B290020E120 /* Assets.xcassets */ = {isa = PBXFileReference; lastKnownFileType = folder.assetcatalog; path = Assets.xcassets; sourceTree = "<group>"; };
		126C91A428321B290020E120 /* Base */ = {isa = PBXFileReference; lastKnownFileType = file.storyboard; name = Base; path = Base.lproj/LaunchScreen.storyboard; sourceTree = "<group>"; };
		126C91A628321B290020E120 /* Info.plist */ = {isa = PBXFileReference; lastKnownFileType = text.plist.xml; path = Info.plist; sourceTree = "<group>"; };
		126C91AE2832B8280020E120 /* SettingTableViewCell.swift */ = {isa = PBXFileReference; lastKnownFileType = sourcecode.swift; path = SettingTableViewCell.swift; sourceTree = "<group>"; };
		12A2FA3F2834E93000DA0067 /* SwitchTableViewCell.swift */ = {isa = PBXFileReference; lastKnownFileType = sourcecode.swift; path = SwitchTableViewCell.swift; sourceTree = "<group>"; };
/* End PBXFileReference section */

/* Begin PBXFrameworksBuildPhase section */
		126C918F28321B140020E120 /* Frameworks */ = {
			isa = PBXFrameworksBuildPhase;
			buildActionMask = 2147483647;
			files = (
			);
			runOnlyForDeploymentPostprocessing = 0;
		};
/* End PBXFrameworksBuildPhase section */

/* Begin PBXGroup section */
		126C918928321B140020E120 = {
			isa = PBXGroup;
			children = (
				126C919428321B140020E120 /* Setting-Abramov-Pavel-iOs-5-HW13 */,
				126C919328321B140020E120 /* Products */,
			);
			sourceTree = "<group>";
		};
		126C919328321B140020E120 /* Products */ = {
			isa = PBXGroup;
			children = (
				126C919228321B140020E120 /* Setting-Abramov-Pavel-iOs-5-HW13.app */,
			);
			name = Products;
			sourceTree = "<group>";
		};
		126C919428321B140020E120 /* Setting-Abramov-Pavel-iOs-5-HW13 */ = {
			isa = PBXGroup;
			children = (
				12EEF6F528421465004D8B42 /* Resources */,
				12EEF6F9284214E6004D8B42 /* Sources */,
				126C919E28321B140020E120 /* Setting_Abramov_Pavel_iOs_5_HW13.xcdatamodeld */,
			);
			path = "Setting-Abramov-Pavel-iOs-5-HW13";
			sourceTree = "<group>";
		};
		12EEF6F528421465004D8B42 /* Resources */ = {
			isa = PBXGroup;
			children = (
				12EEF6F72842149E004D8B42 /* Configs */,
				12EEF6F8284214AD004D8B42 /* Storyboards */,
				126C91A128321B290020E120 /* Assets.xcassets */,
			);
			path = Resources;
			sourceTree = "<group>";
		};
		12EEF6F72842149E004D8B42 /* Configs */ = {
			isa = PBXGroup;
			children = (
				126C91A628321B290020E120 /* Info.plist */,
			);
			path = Configs;
			sourceTree = "<group>";
		};
		12EEF6F8284214AD004D8B42 /* Storyboards */ = {
			isa = PBXGroup;
			children = (
				126C91A328321B290020E120 /* LaunchScreen.storyboard */,
				126C919B28321B140020E120 /* Main.storyboard */,
			);
			path = Storyboards;
			sourceTree = "<group>";
		};
		12EEF6F9284214E6004D8B42 /* Sources */ = {
			isa = PBXGroup;
			children = (
				12EEF6FA28421553004D8B42 /* App */,
				12EEF6FB28421571004D8B42 /* Scenes */,
			);
			path = Sources;
			sourceTree = "<group>";
		};
		12EEF6FA28421553004D8B42 /* App */ = {
			isa = PBXGroup;
			children = (
				126C919728321B140020E120 /* SceneDelegate.swift */,
				126C919528321B140020E120 /* AppDelegate.swift */,
			);
			path = App;
			sourceTree = "<group>";
		};
		12EEF6FB28421571004D8B42 /* Scenes */ = {
			isa = PBXGroup;
			children = (
				125F6710283A905D0045787A /* Model.swift */,
				126C919928321B140020E120 /* ViewController.swift */,
				126C91AE2832B8280020E120 /* SettingTableViewCell.swift */,
				12A2FA3F2834E93000DA0067 /* SwitchTableViewCell.swift */,
			);
			path = Scenes;
			sourceTree = "<group>";
		};
/* End PBXGroup section */

/* Begin PBXNativeTarget section */
		126C919128321B140020E120 /* Setting-Abramov-Pavel-iOs-5-HW13 */ = {
			isa = PBXNativeTarget;
			buildConfigurationList = 126C91A928321B290020E120 /* Build configuration list for PBXNativeTarget "Setting-Abramov-Pavel-iOs-5-HW13" */;
			buildPhases = (
				126C918E28321B140020E120 /* Sources */,
				126C918F28321B140020E120 /* Frameworks */,
				126C919028321B140020E120 /* Resources */,
			);
			buildRules = (
			);
			dependencies = (
			);
			name = "Setting-Abramov-Pavel-iOs-5-HW13";
			productName = "Setting-Abramov-Pavel-iOs-5-HW13";
			productReference = 126C919228321B140020E120 /* Setting-Abramov-Pavel-iOs-5-HW13.app */;
			productType = "com.apple.product-type.application";
		};
/* End PBXNativeTarget section */

/* Begin PBXProject section */
		126C918A28321B140020E120 /* Project object */ = {
			isa = PBXProject;
			attributes = {
				BuildIndependentTargetsInParallel = 1;
				LastSwiftUpdateCheck = 1330;
				LastUpgradeCheck = 1330;
				TargetAttributes = {
					126C919128321B140020E120 = {
						CreatedOnToolsVersion = 13.3;
					};
				};
			};
			buildConfigurationList = 126C918D28321B140020E120 /* Build configuration list for PBXProject "Setting-Abramov-Pavel-iOs-5-HW13" */;
			compatibilityVersion = "Xcode 13.0";
			developmentRegion = en;
			hasScannedForEncodings = 0;
			knownRegions = (
				en,
				Base,
			);
			mainGroup = 126C918928321B140020E120;
			productRefGroup = 126C919328321B140020E120 /* Products */;
			projectDirPath = "";
			projectRoot = "";
			targets = (
				126C919128321B140020E120 /* Setting-Abramov-Pavel-iOs-5-HW13 */,
			);
		};
/* End PBXProject section */

/* Begin PBXResourcesBuildPhase section */
		126C919028321B140020E120 /* Resources */ = {
			isa = PBXResourcesBuildPhase;
			buildActionMask = 2147483647;
			files = (
				126C91A528321B290020E120 /* LaunchScreen.storyboard in Resources */,
				126C91A228321B290020E120 /* Assets.xcassets in Resources */,
				126C919D28321B140020E120 /* Main.storyboard in Resources */,
			);
			runOnlyForDeploymentPostprocessing = 0;
		};
/* End PBXResourcesBuildPhase section */

/* Begin PBXSourcesBuildPhase section */
		126C918E28321B140020E120 /* Sources */ = {
			isa = PBXSourcesBuildPhase;
			buildActionMask = 2147483647;
			files = (
				125F6711283A905E0045787A /* Model.swift in Sources */,
				126C919A28321B140020E120 /* ViewController.swift in Sources */,
				126C91AF2832B8290020E120 /* SettingTableViewCell.swift in Sources */,
				126C91A028321B140020E120 /* Setting_Abramov_Pavel_iOs_5_HW13.xcdatamodeld in Sources */,
				126C919628321B140020E120 /* AppDelegate.swift in Sources */,
				126C919828321B140020E120 /* SceneDelegate.swift in Sources */,
				12A2FA402834E93000DA0067 /* SwitchTableViewCell.swift in Sources */,
			);
			runOnlyForDeploymentPostprocessing = 0;
		};
/* End PBXSourcesBuildPhase section */

/* Begin PBXVariantGroup section */
		126C919B28321B140020E120 /* Main.storyboard */ = {
			isa = PBXVariantGroup;
			children = (
				126C919C28321B140020E120 /* Base */,
			);
			name = Main.storyboard;
			sourceTree = "<group>";
		};
		126C91A328321B290020E120 /* LaunchScreen.storyboard */ = {
			isa = PBXVariantGroup;
			children = (
				126C91A428321B290020E120 /* Base */,
			);
			name = LaunchScreen.storyboard;
			sourceTree = "<group>";
		};
/* End PBXVariantGroup section */

/* Begin XCBuildConfiguration section */
		126C91A728321B290020E120 /* Debug */ = {
			isa = XCBuildConfiguration;
			buildSettings = {
				ALWAYS_SEARCH_USER_PATHS = NO;
				CLANG_ANALYZER_NONNULL = YES;
				CLANG_ANALYZER_NUMBER_OBJECT_CONVERSION = YES_AGGRESSIVE;
				CLANG_CXX_LANGUAGE_STANDARD = "gnu++17";
				CLANG_ENABLE_MODULES = YES;
				CLANG_ENABLE_OBJC_ARC = YES;
				CLANG_ENABLE_OBJC_WEAK = YES;
				CLANG_WARN_BLOCK_CAPTURE_AUTORELEASING = YES;
				CLANG_WARN_BOOL_CONVERSION = YES;
				CLANG_WARN_COMMA = YES;
				CLANG_WARN_CONSTANT_CONVERSION = YES;
				CLANG_WARN_DEPRECATED_OBJC_IMPLEMENTATIONS = YES;
				CLANG_WARN_DIRECT_OBJC_ISA_USAGE = YES_ERROR;
				CLANG_WARN_DOCUMENTATION_COMMENTS = YES;
				CLANG_WARN_EMPTY_BODY = YES;
				CLANG_WARN_ENUM_CONVERSION = YES;
				CLANG_WARN_INFINITE_RECURSION = YES;
				CLANG_WARN_INT_CONVERSION = YES;
				CLANG_WARN_NON_LITERAL_NULL_CONVERSION = YES;
				CLANG_WARN_OBJC_IMPLICIT_RETAIN_SELF = YES;
				CLANG_WARN_OBJC_LITERAL_CONVERSION = YES;
				CLANG_WARN_OBJC_ROOT_CLASS = YES_ERROR;
				CLANG_WARN_QUOTED_INCLUDE_IN_FRAMEWORK_HEADER = YES;
				CLANG_WARN_RANGE_LOOP_ANALYSIS = YES;
				CLANG_WARN_STRICT_PROTOTYPES = YES;
				CLANG_WARN_SUSPICIOUS_MOVE = YES;
				CLANG_WARN_UNGUARDED_AVAILABILITY = YES_AGGRESSIVE;
				CLANG_WARN_UNREACHABLE_CODE = YES;
				CLANG_WARN__DUPLICATE_METHOD_MATCH = YES;
				COPY_PHASE_STRIP = NO;
				DEBUG_INFORMATION_FORMAT = dwarf;
				ENABLE_STRICT_OBJC_MSGSEND = YES;
				ENABLE_TESTABILITY = YES;
				GCC_C_LANGUAGE_STANDARD = gnu11;
				GCC_DYNAMIC_NO_PIC = NO;
				GCC_NO_COMMON_BLOCKS = YES;
				GCC_OPTIMIZATION_LEVEL = 0;
				GCC_PREPROCESSOR_DEFINITIONS = (
					"DEBUG=1",
					"$(inherited)",
				);
				GCC_WARN_64_TO_32_BIT_CONVERSION = YES;
				GCC_WARN_ABOUT_RETURN_TYPE = YES_ERROR;
				GCC_WARN_UNDECLARED_SELECTOR = YES;
				GCC_WARN_UNINITIALIZED_AUTOS = YES_AGGRESSIVE;
				GCC_WARN_UNUSED_FUNCTION = YES;
				GCC_WARN_UNUSED_VARIABLE = YES;
				IPHONEOS_DEPLOYMENT_TARGET = 15.4;
				MTL_ENABLE_DEBUG_INFO = INCLUDE_SOURCE;
				MTL_FAST_MATH = YES;
				ONLY_ACTIVE_ARCH = YES;
				SDKROOT = iphoneos;
				SWIFT_ACTIVE_COMPILATION_CONDITIONS = DEBUG;
				SWIFT_OPTIMIZATION_LEVEL = "-Onone";
			};
			name = Debug;
		};
		126C91A828321B290020E120 /* Release */ = {
			isa = XCBuildConfiguration;
			buildSettings = {
				ALWAYS_SEARCH_USER_PATHS = NO;
				CLANG_ANALYZER_NONNULL = YES;
				CLANG_ANALYZER_NUMBER_OBJECT_CONVERSION = YES_AGGRESSIVE;
				CLANG_CXX_LANGUAGE_STANDARD = "gnu++17";
				CLANG_ENABLE_MODULES = YES;
				CLANG_ENABLE_OBJC_ARC = YES;
				CLANG_ENABLE_OBJC_WEAK = YES;
				CLANG_WARN_BLOCK_CAPTURE_AUTORELEASING = YES;
				CLANG_WARN_BOOL_CONVERSION = YES;
				CLANG_WARN_COMMA = YES;
				CLANG_WARN_CONSTANT_CONVERSION = YES;
				CLANG_WARN_DEPRECATED_OBJC_IMPLEMENTATIONS = YES;
				CLANG_WARN_DIRECT_OBJC_ISA_USAGE = YES_ERROR;
				CLANG_WARN_DOCUMENTATION_COMMENTS = YES;
				CLANG_WARN_EMPTY_BODY = YES;
				CLANG_WARN_ENUM_CONVERSION = YES;
				CLANG_WARN_INFINITE_RECURSION = YES;
				CLANG_WARN_INT_CONVERSION = YES;
				CLANG_WARN_NON_LITERAL_NULL_CONVERSION = YES;
				CLANG_WARN_OBJC_IMPLICIT_RETAIN_SELF = YES;
				CLANG_WARN_OBJC_LITERAL_CONVERSION = YES;
				CLANG_WARN_OBJC_ROOT_CLASS = YES_ERROR;
				CLANG_WARN_QUOTED_INCLUDE_IN_FRAMEWORK_HEADER = YES;
				CLANG_WARN_RANGE_LOOP_ANALYSIS = YES;
				CLANG_WARN_STRICT_PROTOTYPES = YES;
				CLANG_WARN_SUSPICIOUS_MOVE = YES;
				CLANG_WARN_UNGUARDED_AVAILABILITY = YES_AGGRESSIVE;
				CLANG_WARN_UNREACHABLE_CODE = YES;
				CLANG_WARN__DUPLICATE_METHOD_MATCH = YES;
				COPY_PHASE_STRIP = NO;
				DEBUG_INFORMATION_FORMAT = "dwarf-with-dsym";
				ENABLE_NS_ASSERTIONS = NO;
				ENABLE_STRICT_OBJC_MSGSEND = YES;
				GCC_C_LANGUAGE_STANDARD = gnu11;
				GCC_NO_COMMON_BLOCKS = YES;
				GCC_WARN_64_TO_32_BIT_CONVERSION = YES;
				GCC_WARN_ABOUT_RETURN_TYPE = YES_ERROR;
				GCC_WARN_UNDECLARED_SELECTOR = YES;
				GCC_WARN_UNINITIALIZED_AUTOS = YES_AGGRESSIVE;
				GCC_WARN_UNUSED_FUNCTION = YES;
				GCC_WARN_UNUSED_VARIABLE = YES;
				IPHONEOS_DEPLOYMENT_TARGET = 15.4;
				MTL_ENABLE_DEBUG_INFO = NO;
				MTL_FAST_MATH = YES;
				SDKROOT = iphoneos;
				SWIFT_COMPILATION_MODE = wholemodule;
				SWIFT_OPTIMIZATION_LEVEL = "-O";
				VALIDATE_PRODUCT = YES;
			};
			name = Release;
		};
		126C91AA28321B290020E120 /* Debug */ = {
			isa = XCBuildConfiguration;
			buildSettings = {
				ASSETCATALOG_COMPILER_APPICON_NAME = AppIcon;
				ASSETCATALOG_COMPILER_GLOBAL_ACCENT_COLOR_NAME = AccentColor;
				CODE_SIGN_STYLE = Automatic;
				CURRENT_PROJECT_VERSION = 1;
				DEVELOPMENT_TEAM = 7J6C95TMNY;
				GENERATE_INFOPLIST_FILE = YES;
				INFOPLIST_FILE = "Setting-Abramov-Pavel-iOs-5-HW13/Resources/Configs/Info.plist";
				INFOPLIST_KEY_UIApplicationSupportsIndirectInputEvents = YES;
				INFOPLIST_KEY_UILaunchStoryboardName = LaunchScreen;
				INFOPLIST_KEY_UIMainStoryboardFile = Main;
				INFOPLIST_KEY_UISupportedInterfaceOrientations_iPad = "UIInterfaceOrientationPortrait UIInterfaceOrientationPortraitUpsideDown UIInterfaceOrientationLandscapeLeft UIInterfaceOrientationLandscapeRight";
				INFOPLIST_KEY_UISupportedInterfaceOrientations_iPhone = "UIInterfaceOrientationPortrait UIInterfaceOrientationLandscapeLeft UIInterfaceOrientationLandscapeRight";
				IPHONEOS_DEPLOYMENT_TARGET = 15.2;
				LD_RUNPATH_SEARCH_PATHS = (
					"$(inherited)",
					"@executable_path/Frameworks",
				);
				MARKETING_VERSION = 1.0;
				PRODUCT_BUNDLE_IDENTIFIER = "com.my.Setting-Abramov-Pavel-iOs-5-HW13";
				PRODUCT_NAME = "$(TARGET_NAME)";
				SWIFT_EMIT_LOC_STRINGS = YES;
				SWIFT_VERSION = 5.0;
				TARGETED_DEVICE_FAMILY = "1,2";
			};
			name = Debug;
		};
		126C91AB28321B290020E120 /* Release */ = {
			isa = XCBuildConfiguration;
			buildSettings = {
				ASSETCATALOG_COMPILER_APPICON_NAME = AppIcon;
				ASSETCATALOG_COMPILER_GLOBAL_ACCENT_COLOR_NAME = AccentColor;
				CODE_SIGN_STYLE = Automatic;
				CURRENT_PROJECT_VERSION = 1;
				DEVELOPMENT_TEAM = 7J6C95TMNY;
				GENERATE_INFOPLIST_FILE = YES;
				INFOPLIST_FILE = "Setting-Abramov-Pavel-iOs-5-HW13/Resources/Configs/Info.plist";
				INFOPLIST_KEY_UIApplicationSupportsIndirectInputEvents = YES;
				INFOPLIST_KEY_UILaunchStoryboardName = LaunchScreen;
				INFOPLIST_KEY_UIMainStoryboardFile = Main;
				INFOPLIST_KEY_UISupportedInterfaceOrientations_iPad = "UIInterfaceOrientationPortrait UIInterfaceOrientationPortraitUpsideDown UIInterfaceOrientationLandscapeLeft UIInterfaceOrientationLandscapeRight";
				INFOPLIST_KEY_UISupportedInterfaceOrientations_iPhone = "UIInterfaceOrientationPortrait UIInterfaceOrientationLandscapeLeft UIInterfaceOrientationLandscapeRight";
				IPHONEOS_DEPLOYMENT_TARGET = 15.2;
				LD_RUNPATH_SEARCH_PATHS = (
					"$(inherited)",
					"@executable_path/Frameworks",
				);
				MARKETING_VERSION = 1.0;
				PRODUCT_BUNDLE_IDENTIFIER = "com.my.Setting-Abramov-Pavel-iOs-5-HW13";
				PRODUCT_NAME = "$(TARGET_NAME)";
				SWIFT_EMIT_LOC_STRINGS = YES;
				SWIFT_VERSION = 5.0;
				TARGETED_DEVICE_FAMILY = "1,2";
			};
			name = Release;
		};
/* End XCBuildConfiguration section */

/* Begin XCConfigurationList section */
		126C918D28321B140020E120 /* Build configuration list for PBXProject "Setting-Abramov-Pavel-iOs-5-HW13" */ = {
			isa = XCConfigurationList;
			buildConfigurations = (
				126C91A728321B290020E120 /* Debug */,
				126C91A828321B290020E120 /* Release */,
			);
			defaultConfigurationIsVisible = 0;
			defaultConfigurationName = Release;
		};
		126C91A928321B290020E120 /* Build configuration list for PBXNativeTarget "Setting-Abramov-Pavel-iOs-5-HW13" */ = {
			isa = XCConfigurationList;
			buildConfigurations = (
				126C91AA28321B290020E120 /* Debug */,
				126C91AB28321B290020E120 /* Release */,
			);
			defaultConfigurationIsVisible = 0;
			defaultConfigurationName = Release;
		};
/* End XCConfigurationList section */

/* Begin XCVersionGroup section */
		126C919E28321B140020E120 /* Setting_Abramov_Pavel_iOs_5_HW13.xcdatamodeld */ = {
			isa = XCVersionGroup;
			children = (
				126C919F28321B140020E120 /* Setting_Abramov_Pavel_iOs_5_HW13.xcdatamodel */,
			);
			currentVersion = 126C919F28321B140020E120 /* Setting_Abramov_Pavel_iOs_5_HW13.xcdatamodel */;
			path = Setting_Abramov_Pavel_iOs_5_HW13.xcdatamodeld;
			sourceTree = "<group>";
			versionGroupType = wrapper.xcdatamodel;
		};
/* End XCVersionGroup section */
	};
	rootObject = 126C918A28321B140020E120 /* Project object */;
}
